
Microsoft Visual Studio Solution File, Format Version 12.00
# Visual Studio Version 17
VisualStudioVersion = 17.1.32210.238
MinimumVisualStudioVersion = 10.0.40219.1
Project("{FAE04EC0-301F-11D3-BF4B-00C04F79EFBC}") = "UserLogin", "UserLogin\UserLogin.csproj", "{3A08051F-DFBD-452E-AB04-0DA03D2F378A}"
EndProject
Project("{2150E333-8FDC-42A3-9474-1A3956D46DE8}") = "Solution Items", "Solution Items", "{5DD4FC39-39AE-4B55-85E4-547854A56FD9}"
EndProject
Project("{9A19103F-16F7-4668-BE54-9A1E7A4F7556}") = "StudentInfoSystem", "StudentInfoSystem\StudentInfoSystem.csproj", "{41236A32-C660-41D2-9C68-3B4202DF9CF2}"
EndProject
Project("{9A19103F-16F7-4668-BE54-9A1E7A4F7556}") = "WPFhello", "WPFhello\WPFhello.csproj", "{ED24B8BC-6FCF-4B1C-B612-7DCE9A59437D}"
EndProject
Project("{9A19103F-16F7-4668-BE54-9A1E7A4F7556}") = "ExpenseIt", "ExpenseIt\ExpenseIt.csproj", "{2853F0AF-20A6-4435-9C6A-2C2B8F3B808F}"
EndProject
Project("{FAE04EC0-301F-11D3-BF4B-00C04F79EFBC}") = "WpfExapmle", "WpfExapmle\WpfExapmle.csproj", "{C338B19C-D04D-4863-8A27-3A6BAFFF6CE0}"
EndProject
Project("{FAE04EC0-301F-11D3-BF4B-00C04F79EFBC}") = "EasyMVVM", "EasyMVVM\EasyMVVM.csproj", "{2128E307-453B-4463-915B-6FBFBCEC5ACC}"
EndProject
Global
	GlobalSection(SolutionConfigurationPlatforms) = preSolution
		Debug|Any CPU = Debug|Any CPU
		Release|Any CPU = Release|Any CPU
	EndGlobalSection
	GlobalSection(ProjectConfigurationPlatforms) = postSolution
		{3A08051F-DFBD-452E-AB04-0DA03D2F378A}.Debug|Any CPU.ActiveCfg = Debug|Any CPU
		{3A08051F-DFBD-452E-AB04-0DA03D2F378A}.Debug|Any CPU.Build.0 = Debug|Any CPU
		{3A08051F-DFBD-452E-AB04-0DA03D2F378A}.Release|Any CPU.ActiveCfg = Release|Any CPU
		{3A08051F-DFBD-452E-AB04-0DA03D2F378A}.Release|Any CPU.Build.0 = Release|Any CPU
		{41236A32-C660-41D2-9C68-3B4202DF9CF2}.Debug|Any CPU.ActiveCfg = Debug|Any CPU
		{41236A32-C660-41D2-9C68-3B4202DF9CF2}.Debug|Any CPU.Build.0 = Debug|Any CPU
		{41236A32-C660-41D2-9C68-3B4202DF9CF2}.Release|Any CPU.ActiveCfg = Release|Any CPU
		{41236A32-C660-41D2-9C68-3B4202DF9CF2}.Release|Any CPU.Build.0 = Release|Any CPU
		{ED24B8BC-6FCF-4B1C-B612-7DCE9A59437D}.Debug|Any CPU.ActiveCfg = Debug|Any CPU
		{ED24B8BC-6FCF-4B1C-B612-7DCE9A59437D}.Debug|Any CPU.Build.0 = Debug|Any CPU
		{ED24B8BC-6FCF-4B1C-B612-7DCE9A59437D}.Release|Any CPU.ActiveCfg = Release|Any CPU
		{ED24B8BC-6FCF-4B1C-B612-7DCE9A59437D}.Release|Any CPU.Build.0 = Release|Any CPU
		{2853F0AF-20A6-4435-9C6A-2C2B8F3B808F}.Debug|Any CPU.ActiveCfg = Debug|Any CPU
		{2853F0AF-20A6-4435-9C6A-2C2B8F3B808F}.Debug|Any CPU.Build.0 = Debug|Any CPU
		{2853F0AF-20A6-4435-9C6A-2C2B8F3B808F}.Release|Any CPU.ActiveCfg = Release|Any CPU
		{2853F0AF-20A6-4435-9C6A-2C2B8F3B808F}.Release|Any CPU.Build.0 = Release|Any CPU
		{C338B19C-D04D-4863-8A27-3A6BAFFF6CE0}.Debug|Any CPU.ActiveCfg = Debug|Any CPU
		{C338B19C-D04D-4863-8A27-3A6BAFFF6CE0}.Debug|Any CPU.Build.0 = Debug|Any CPU
		{C338B19C-D04D-4863-8A27-3A6BAFFF6CE0}.Release|Any CPU.ActiveCfg = Release|Any CPU
		{C338B19C-D04D-4863-8A27-3A6BAFFF6CE0}.Release|Any CPU.Build.0 = Release|Any CPU
		{2128E307-453B-4463-915B-6FBFBCEC5ACC}.Debug|Any CPU.ActiveCfg = Debug|Any CPU
		{2128E307-453B-4463-915B-6FBFBCEC5ACC}.Debug|Any CPU.Build.0 = Debug|Any CPU
		{2128E307-453B-4463-915B-6FBFBCEC5ACC}.Release|Any CPU.ActiveCfg = Release|Any CPU
		{2128E307-453B-4463-915B-6FBFBCEC5ACC}.Release|Any CPU.Build.0 = Release|Any CPU
	EndGlobalSection
	GlobalSection(SolutionProperties) = preSolution
		HideSolutionNode = FALSE
	EndGlobalSection
	GlobalSection(ExtensibilityGlobals) = postSolution
		SolutionGuid = {675F982A-1CC6-4A70-826B-96B2504FE15B}
	EndGlobalSection
EndGlobal
